// !$*UTF8*$!
{
	archiveVersion = 1;
	classes = {
	};
	objectVersion = 46;
	objects = {

/* Begin PBXBuildFile section */
		760164CB1B0BAA370012A9CF /* Main.storyboard in Resources */ = {isa = PBXBuildFile; fileRef = 760164CA1B0BAA370012A9CF /* Main.storyboard */; };
		A2EFE65F1A9A7696003D0B57 /* AppDelegate.swift in Sources */ = {isa = PBXBuildFile; fileRef = A2EFE65E1A9A7696003D0B57 /* AppDelegate.swift */; };
		A2EFE6611A9A7696003D0B57 /* ViewController.swift in Sources */ = {isa = PBXBuildFile; fileRef = A2EFE6601A9A7696003D0B57 /* ViewController.swift */; };
		A2EFE6641A9A7696003D0B57 /* Mainold.storyboard in Resources */ = {isa = PBXBuildFile; fileRef = A2EFE6621A9A7696003D0B57 /* Mainold.storyboard */; };
		A2EFE6661A9A7696003D0B57 /* Images.xcassets in Resources */ = {isa = PBXBuildFile; fileRef = A2EFE6651A9A7696003D0B57 /* Images.xcassets */; };
		A2EFE6691A9A7696003D0B57 /* LaunchScreen.xib in Resources */ = {isa = PBXBuildFile; fileRef = A2EFE6671A9A7696003D0B57 /* LaunchScreen.xib */; };
		A2EFE6751A9A7697003D0B57 /* GratitudeTests.swift in Sources */ = {isa = PBXBuildFile; fileRef = A2EFE6741A9A7697003D0B57 /* GratitudeTests.swift */; };
/* End PBXBuildFile section */

/* Begin PBXContainerItemProxy section */
		A2EFE66F1A9A7697003D0B57 /* PBXContainerItemProxy */ = {
			isa = PBXContainerItemProxy;
			containerPortal = A2EFE6511A9A7696003D0B57 /* Project object */;
			proxyType = 1;
			remoteGlobalIDString = A2EFE6581A9A7696003D0B57;
			remoteInfo = Gratitude;
		};
/* End PBXContainerItemProxy section */

/* Begin PBXFileReference section */
		760164CA1B0BAA370012A9CF /* Main.storyboard */ = {isa = PBXFileReference; fileEncoding = 4; lastKnownFileType = file.storyboard; path = Main.storyboard; sourceTree = "<group>"; };
		A2EFE6591A9A7696003D0B57 /* Gratitude.app */ = {isa = PBXFileReference; explicitFileType = wrapper.application; includeInIndex = 0; path = Gratitude.app; sourceTree = BUILT_PRODUCTS_DIR; };
		A2EFE65D1A9A7696003D0B57 /* Info.plist */ = {isa = PBXFileReference; lastKnownFileType = text.plist.xml; path = Info.plist; sourceTree = "<group>"; };
		A2EFE65E1A9A7696003D0B57 /* AppDelegate.swift */ = {isa = PBXFileReference; lastKnownFileType = sourcecode.swift; path = AppDelegate.swift; sourceTree = "<group>"; };
		A2EFE6601A9A7696003D0B57 /* ViewController.swift */ = {isa = PBXFileReference; lastKnownFileType = sourcecode.swift; path = ViewController.swift; sourceTree = "<group>"; };
		A2EFE6631A9A7696003D0B57 /* Base */ = {isa = PBXFileReference; lastKnownFileType = file.storyboard; name = Base; path = Base.lproj/Mainold.storyboard; sourceTree = "<group>"; };
		A2EFE6651A9A7696003D0B57 /* Images.xcassets */ = {isa = PBXFileReference; lastKnownFileType = folder.assetcatalog; path = Images.xcassets; sourceTree = "<group>"; };
		A2EFE6681A9A7696003D0B57 /* Base */ = {isa = PBXFileReference; lastKnownFileType = file.xib; name = Base; path = Base.lproj/LaunchScreen.xib; sourceTree = "<group>"; };
		A2EFE66E1A9A7697003D0B57 /* GratitudeTests.xctest */ = {isa = PBXFileReference; explicitFileType = wrapper.cfbundle; includeInIndex = 0; path = GratitudeTests.xctest; sourceTree = BUILT_PRODUCTS_DIR; };
		A2EFE6731A9A7697003D0B57 /* Info.plist */ = {isa = PBXFileReference; lastKnownFileType = text.plist.xml; path = Info.plist; sourceTree = "<group>"; };
		A2EFE6741A9A7697003D0B57 /* GratitudeTests.swift */ = {isa = PBXFileReference; lastKnownFileType = sourcecode.swift; path = GratitudeTests.swift; sourceTree = "<group>"; };
/* End PBXFileReference section */

/* Begin PBXFrameworksBuildPhase section */
		A2EFE6561A9A7696003D0B57 /* Frameworks */ = {
			isa = PBXFrameworksBuildPhase;
			buildActionMask = 2147483647;
			files = (
			);
			runOnlyForDeploymentPostprocessing = 0;
		};
		A2EFE66B1A9A7697003D0B57 /* Frameworks */ = {
			isa = PBXFrameworksBuildPhase;
			buildActionMask = 2147483647;
			files = (
			);
			runOnlyForDeploymentPostprocessing = 0;
		};
/* End PBXFrameworksBuildPhase section */

/* Begin PBXGroup section */
		A2EFE6501A9A7696003D0B57 = {
			isa = PBXGroup;
			children = (
				A2EFE65B1A9A7696003D0B57 /* Gratitude */,
				A2EFE6711A9A7697003D0B57 /* GratitudeTests */,
				A2EFE65A1A9A7696003D0B57 /* Products */,
			);
			sourceTree = "<group>";
		};
		A2EFE65A1A9A7696003D0B57 /* Products */ = {
			isa = PBXGroup;
			children = (
				A2EFE6591A9A7696003D0B57 /* Gratitude.app */,
				A2EFE66E1A9A7697003D0B57 /* GratitudeTests.xctest */,
			);
			name = Products;
			sourceTree = "<group>";
		};
		A2EFE65B1A9A7696003D0B57 /* Gratitude */ = {
			isa = PBXGroup;
			children = (
				A2EFE65E1A9A7696003D0B57 /* AppDelegate.swift */,
				A2EFE6601A9A7696003D0B57 /* ViewController.swift */,
				760164CA1B0BAA370012A9CF /* Main.storyboard */,
				A2EFE6621A9A7696003D0B57 /* Mainold.storyboard */,
				A2EFE6651A9A7696003D0B57 /* Images.xcassets */,
				A2EFE6671A9A7696003D0B57 /* LaunchScreen.xib */,
				A2EFE65C1A9A7696003D0B57 /* Supporting Files */,
			);
			path = Gratitude;
			sourceTree = "<group>";
		};
		A2EFE65C1A9A7696003D0B57 /* Supporting Files */ = {
			isa = PBXGroup;
			children = (
				A2EFE65D1A9A7696003D0B57 /* Info.plist */,
			);
			name = "Supporting Files";
			sourceTree = "<group>";
		};
		A2EFE6711A9A7697003D0B57 /* GratitudeTests */ = {
			isa = PBXGroup;
			children = (
				A2EFE6741A9A7697003D0B57 /* GratitudeTests.swift */,
				A2EFE6721A9A7697003D0B57 /* Supporting Files */,
			);
			path = GratitudeTests;
			sourceTree = "<group>";
		};
		A2EFE6721A9A7697003D0B57 /* Supporting Files */ = {
			isa = PBXGroup;
			children = (
				A2EFE6731A9A7697003D0B57 /* Info.plist */,
			);
			name = "Supporting Files";
			sourceTree = "<group>";
		};
/* End PBXGroup section */

/* Begin PBXNativeTarget section */
		A2EFE6581A9A7696003D0B57 /* Gratitude */ = {
			isa = PBXNativeTarget;
			buildConfigurationList = A2EFE6781A9A7697003D0B57 /* Build configuration list for PBXNativeTarget "Gratitude" */;
			buildPhases = (
				A2EFE6551A9A7696003D0B57 /* Sources */,
				A2EFE6561A9A7696003D0B57 /* Frameworks */,
				A2EFE6571A9A7696003D0B57 /* Resources */,
			);
			buildRules = (
			);
			dependencies = (
			);
			name = Gratitude;
			productName = Gratitude;
			productReference = A2EFE6591A9A7696003D0B57 /* Gratitude.app */;
			productType = "com.apple.product-type.application";
		};
		A2EFE66D1A9A7697003D0B57 /* GratitudeTests */ = {
			isa = PBXNativeTarget;
			buildConfigurationList = A2EFE67B1A9A7697003D0B57 /* Build configuration list for PBXNativeTarget "GratitudeTests" */;
			buildPhases = (
				A2EFE66A1A9A7697003D0B57 /* Sources */,
				A2EFE66B1A9A7697003D0B57 /* Frameworks */,
				A2EFE66C1A9A7697003D0B57 /* Resources */,
			);
			buildRules = (
			);
			dependencies = (
				A2EFE6701A9A7697003D0B57 /* PBXTargetDependency */,
			);
			name = GratitudeTests;
			productName = GratitudeTests;
			productReference = A2EFE66E1A9A7697003D0B57 /* GratitudeTests.xctest */;
			productType = "com.apple.product-type.bundle.unit-test";
		};
/* End PBXNativeTarget section */

/* Begin PBXProject section */
		A2EFE6511A9A7696003D0B57 /* Project object */ = {
			isa = PBXProject;
			attributes = {
				LastUpgradeCheck = 0610;
				ORGANIZATIONNAME = "Studio M-Five";
				TargetAttributes = {
					A2EFE6581A9A7696003D0B57 = {
						CreatedOnToolsVersion = 6.1.1;
					};
					A2EFE66D1A9A7697003D0B57 = {
						CreatedOnToolsVersion = 6.1.1;
						TestTargetID = A2EFE6581A9A7696003D0B57;
					};
				};
			};
			buildConfigurationList = A2EFE6541A9A7696003D0B57 /* Build configuration list for PBXProject "Gratitude" */;
			compatibilityVersion = "Xcode 3.2";
			developmentRegion = English;
			hasScannedForEncodings = 0;
			knownRegions = (
				en,
				Base,
			);
			mainGroup = A2EFE6501A9A7696003D0B57;
			productRefGroup = A2EFE65A1A9A7696003D0B57 /* Products */;
			projectDirPath = "";
			projectRoot = "";
			targets = (
				A2EFE6581A9A7696003D0B57 /* Gratitude */,
				A2EFE66D1A9A7697003D0B57 /* GratitudeTests */,
			);
		};
/* End PBXProject section */

/* Begin PBXResourcesBuildPhase section */
		A2EFE6571A9A7696003D0B57 /* Resources */ = {
			isa = PBXResourcesBuildPhase;
			buildActionMask = 2147483647;
			files = (
				A2EFE6641A9A7696003D0B57 /* Mainold.storyboard in Resources */,
				A2EFE6691A9A7696003D0B57 /* LaunchScreen.xib in Resources */,
				A2EFE6661A9A7696003D0B57 /* Images.xcassets in Resources */,
				760164CB1B0BAA370012A9CF /* Main.storyboard in Resources */,
			);
			runOnlyForDeploymentPostprocessing = 0;
		};
		A2EFE66C1A9A7697003D0B57 /* Resources */ = {
			isa = PBXResourcesBuildPhase;
			buildActionMask = 2147483647;
			files = (
			);
			runOnlyForDeploymentPostprocessing = 0;
		};
/* End PBXResourcesBuildPhase section */

/* Begin PBXSourcesBuildPhase section */
		A2EFE6551A9A7696003D0B57 /* Sources */ = {
			isa = PBXSourcesBuildPhase;
			buildActionMask = 2147483647;
			files = (
				A2EFE6611A9A7696003D0B57 /* ViewController.swift in Sources */,
				A2EFE65F1A9A7696003D0B57 /* AppDelegate.swift in Sources */,
			);
			runOnlyForDeploymentPostprocessing = 0;
		};
		A2EFE66A1A9A7697003D0B57 /* Sources */ = {
			isa = PBXSourcesBuildPhase;
			buildActionMask = 2147483647;
			files = (
				A2EFE6751A9A7697003D0B57 /* GratitudeTests.swift in Sources */,
			);
			runOnlyForDeploymentPostprocessing = 0;
		};
/* End PBXSourcesBuildPhase section */

/* Begin PBXTargetDependency section */
		A2EFE6701A9A7697003D0B57 /* PBXTargetDependency */ = {
			isa = PBXTargetDependency;
			target = A2EFE6581A9A7696003D0B57 /* Gratitude */;
			targetProxy = A2EFE66F1A9A7697003D0B57 /* PBXContainerItemProxy */;
		};
/* End PBXTargetDependency section */

/* Begin PBXVariantGroup section */
		A2EFE6621A9A7696003D0B57 /* Mainold.storyboard */ = {
			isa = PBXVariantGroup;
			children = (
				A2EFE6631A9A7696003D0B57 /* Base */,
			);
			name = Mainold.storyboard;
			sourceTree = "<group>";
		};
		A2EFE6671A9A7696003D0B57 /* LaunchScreen.xib */ = {
			isa = PBXVariantGroup;
			children = (
				A2EFE6681A9A7696003D0B57 /* Base */,
			);
			name = LaunchScreen.xib;
			sourceTree = "<group>";
		};
/* End PBXVariantGroup section */

/* Begin XCBuildConfiguration section */
		A2EFE6761A9A7697003D0B57 /* Debug */ = {
			isa = XCBuildConfiguration;
			buildSettings = {
				ALWAYS_SEARCH_USER_PATHS = NO;
				CLANG_CXX_LANGUAGE_STANDARD = "gnu++0x";
				CLANG_CXX_LIBRARY = "libc++";
				CLANG_ENABLE_MODULES = YES;
				CLANG_ENABLE_OBJC_ARC = YES;
				CLANG_WARN_BOOL_CONVERSION = YES;
				CLANG_WARN_CONSTANT_CONVERSION = YES;
				CLANG_WARN_DIRECT_OBJC_ISA_USAGE = YES_ERROR;
				CLANG_WARN_EMPTY_BODY = YES;
				CLANG_WARN_ENUM_CONVERSION = YES;
				CLANG_WARN_INT_CONVERSION = YES;
				CLANG_WARN_OBJC_ROOT_CLASS = YES_ERROR;
				CLANG_WARN_UNREACHABLE_CODE = YES;
				CLANG_WARN__DUPLICATE_METHOD_MATCH = YES;
				"CODE_SIGN_IDENTITY[sdk=iphoneos*]" = "iPhone Developer";
				COPY_PHASE_STRIP = NO;
				ENABLE_STRICT_OBJC_MSGSEND = YES;
				GCC_C_LANGUAGE_STANDARD = gnu99;
				GCC_DYNAMIC_NO_PIC = NO;
				GCC_OPTIMIZATION_LEVEL = 0;
				GCC_PREPROCESSOR_DEFINITIONS = (
					"DEBUG=1",
					"$(inherited)",
				);
				GCC_SYMBOLS_PRIVATE_EXTERN = NO;
				GCC_WARN_64_TO_32_BIT_CONVERSION = YES;
				GCC_WARN_ABOUT_RETURN_TYPE = YES_ERROR;
				GCC_WARN_UNDECLARED_SELECTOR = YES;
				GCC_WARN_UNINITIALIZED_AUTOS = YES_AGGRESSIVE;
				GCC_WARN_UNUSED_FUNCTION = YES;
				GCC_WARN_UNUSED_VARIABLE = YES;
				IPHONEOS_DEPLOYMENT_TARGET = 8.0;
				MTL_ENABLE_DEBUG_INFO = YES;
				ONLY_ACTIVE_ARCH = YES;
				SDKROOT = iphoneos;
				SWIFT_OPTIMIZATION_LEVEL = "-Onone";
				TARGETED_DEVICE_FAMILY = "1,2";
			};
			name = Debug;
		};
		A2EFE6771A9A7697003D0B57 /* Release */ = {
			isa = XCBuildConfiguration;
			buildSettings = {
				ALWAYS_SEARCH_USER_PATHS = NO;
				CLANG_CXX_LANGUAGE_STANDARD = "gnu++0x";
				CLANG_CXX_LIBRARY = "libc++";
				CLANG_ENABLE_MODULES = YES;
				CLANG_ENABLE_OBJC_ARC = YES;
				CLANG_WARN_BOOL_CONVERSION = YES;
				CLANG_WARN_CONSTANT_CONVERSION = YES;
				CLANG_WARN_DIRECT_OBJC_ISA_USAGE = YES_ERROR;
				CLANG_WARN_EMPTY_BODY = YES;
				CLANG_WARN_ENUM_CONVERSION = YES;
				CLANG_WARN_INT_CONVERSION = YES;
				CLANG_WARN_OBJC_ROOT_CLASS = YES_ERROR;
				CLANG_WARN_UNREACHABLE_CODE = YES;
				CLANG_WARN__DUPLICATE_METHOD_MATCH = YES;
				"CODE_SIGN_IDENTITY[sdk=iphoneos*]" = "iPhone Developer";
				COPY_PHASE_STRIP = YES;
				ENABLE_NS_ASSERTIONS = NO;
				ENABLE_STRICT_OBJC_MSGSEND = YES;
				GCC_C_LANGUAGE_STANDARD = gnu99;
				GCC_WARN_64_TO_32_BIT_CONVERSION = YES;
				GCC_WARN_ABOUT_RETURN_TYPE = YES_ERROR;
				GCC_WARN_UNDECLARED_SELECTOR = YES;
				GCC_WARN_UNINITIALIZED_AUTOS = YES_AGGRESSIVE;
				GCC_WARN_UNUSED_FUNCTION = YES;
				GCC_WARN_UNUSED_VARIABLE = YES;
				IPHONEOS_DEPLOYMENT_TARGET = 8.0;
				MTL_ENABLE_DEBUG_INFO = NO;
				SDKROOT = iphoneos;
				TARGETED_DEVICE_FAMILY = "1,2";
				VALIDATE_PRODUCT = YES;
			};
			name = Release;
		};
		A2EFE6791A9A7697003D0B57 /* Debug */ = {
			isa = XCBuildConfiguration;
			buildSettings = {
				ASSETCATALOG_COMPILER_APPICON_NAME = AppIcon;
				INFOPLIST_FILE = Gratitude/Info.plist;
				LD_RUNPATH_SEARCH_PATHS = "$(inherited) @executable_path/Frameworks";
				PRODUCT_NAME = "$(TARGET_NAME)";
			};
			name = Debug;
		};
		A2EFE67A1A9A7697003D0B57 /* Release */ = {
			isa = XCBuildConfiguration;
			buildSettings = {
				ASSETCATALOG_COMPILER_APPICON_NAME = AppIcon;
				INFOPLIST_FILE = Gratitude/Info.plist;
				LD_RUNPATH_SEARCH_PATHS = "$(inherited) @executable_path/Frameworks";
				PRODUCT_NAME = "$(TARGET_NAME)";
			};
			name = Release;
		};
		A2EFE67C1A9A7697003D0B57 /* Debug */ = {
			isa = XCBuildConfiguration;
			buildSettings = {
				BUNDLE_LOADER = "$(TEST_HOST)";
				FRAMEWORK_SEARCH_PATHS = (
					"$(SDKROOT)/Developer/Library/Frameworks",
					"$(inherited)",
				);
				GCC_PREPROCESSOR_DEFINITIONS = (
					"DEBUG=1",
					"$(inherited)",
				);
				INFOPLIST_FILE = GratitudeTests/Info.plist;
				LD_RUNPATH_SEARCH_PATHS = "$(inherited) @executable_path/Frameworks @loader_path/Frameworks";
				PRODUCT_NAME = "$(TARGET_NAME)";
				TEST_HOST = "$(BUILT_PRODUCTS_DIR)/Gratitude.app/Gratitude";
			};
			name = Debug;
		};
		A2EFE67D1A9A7697003D0B57 /* Release */ = {
			isa = XCBuildConfiguration;
			buildSettings = {
				BUNDLE_LOADER = "$(TEST_HOST)";
				FRAMEWORK_SEARCH_PATHS = (
					"$(SDKROOT)/Developer/Library/Frameworks",
					"$(inherited)",
				);
				INFOPLIST_FILE = GratitudeTests/Info.plist;
				LD_RUNPATH_SEARCH_PATHS = "$(inherited) @executable_path/Frameworks @loader_path/Frameworks";
				PRODUCT_NAME = "$(TARGET_NAME)";
				TEST_HOST = "$(BUILT_PRODUCTS_DIR)/Gratitude.app/Gratitude";
			};
			name = Release;
		};
/* End XCBuildConfiguration section */

/* Begin XCConfigurationList section */
		A2EFE6541A9A7696003D0B57 /* Build configuration list for PBXProject "Gratitude" */ = {
			isa = XCConfigurationList;
			buildConfigurations = (
				A2EFE6761A9A7697003D0B57 /* Debug */,
				A2EFE6771A9A7697003D0B57 /* Release */,
			);
			defaultConfigurationIsVisible = 0;
			defaultConfigurationName = Release;
		};
		A2EFE6781A9A7697003D0B57 /* Build configuration list for PBXNativeTarget "Gratitude" */ = {
			isa = XCConfigurationList;
			buildConfigurations = (
				A2EFE6791A9A7697003D0B57 /* Debug */,
				A2EFE67A1A9A7697003D0B57 /* Release */,
			);
			defaultConfigurationIsVisible = 0;
			defaultConfigurationName = Release;
		};
		A2EFE67B1A9A7697003D0B57 /* Build configuration list for PBXNativeTarget "GratitudeTests" */ = {
			isa = XCConfigurationList;
			buildConfigurations = (
				A2EFE67C1A9A7697003D0B57 /* Debug */,
				A2EFE67D1A9A7697003D0B57 /* Release */,
			);
			defaultConfigurationIsVisible = 0;
			defaultConfigurationName = Release;
		};
/* End XCConfigurationList section */
	};
	rootObject = A2EFE6511A9A7696003D0B57 /* Project object */;
}
